
Microsoft Visual Studio Solution File, Format Version 12.00
# Visual Studio Version 16
VisualStudioVersion = 16.0.33927.289
MinimumVisualStudioVersion = 10.0.40219.1
Project("{FAE04EC0-301F-11D3-BF4B-00C04F79EFBC}") = "SortWebService", "SortWebService.csproj", "{480CA408-90B8-4A96-AB48-E3E0872EF1C8}"
EndProject
Global
	GlobalSection(SolutionConfigurationPlatforms) = preSolution
		Debug|Any CPU = Debug|Any CPU
		Release|Any CPU = Release|Any CPU
	EndGlobalSection
	GlobalSection(ProjectConfigurationPlatforms) = postSolution
		{480CA408-90B8-4A96-AB48-E3E0872EF1C8}.Debug|Any CPU.ActiveCfg = Debug|Any CPU
		{480CA408-90B8-4A96-AB48-E3E0872EF1C8}.Debug|Any CPU.Build.0 = Debug|Any CPU
		{480CA408-90B8-4A96-AB48-E3E0872EF1C8}.Release|Any CPU.ActiveCfg = Release|Any CPU
		{480CA408-90B8-4A96-AB48-E3E0872EF1C8}.Release|Any CPU.Build.0 = Release|Any CPU
	EndGlobalSection
	GlobalSection(SolutionProperties) = preSolution
		HideSolutionNode = FALSE
	EndGlobalSection
	GlobalSection(ExtensibilityGlobals) = postSolution
		SolutionGuid = {5A8C3574-681B-473F-987A-AFAA9EB1572C}
	EndGlobalSection
EndGlobal
